// !$*UTF8*$!
{
	archiveVersion = 1;
	classes = {
	};
	objectVersion = 46;
	objects = {

/* Begin PBXBuildFile section */
		2743453B1BEF27BB0056EE2E /* README.md in Sources */ = {isa = PBXBuildFile; fileRef = 2743453A1BEF27BB0056EE2E /* README.md */; };
		27785EFA1BBC14A700E1D097 /* AppDelegate.swift in Sources */ = {isa = PBXBuildFile; fileRef = 27785EF91BBC14A700E1D097 /* AppDelegate.swift */; };
		27785EFD1BBC14B900E1D097 /* Assets.xcassets in Resources */ = {isa = PBXBuildFile; fileRef = 27785EFB1BBC14B900E1D097 /* Assets.xcassets */; };
		27785F031BBC14D400E1D097 /* MainMenu.xib in Resources */ = {isa = PBXBuildFile; fileRef = 27785F011BBC14D400E1D097 /* MainMenu.xib */; };
		279D1D681BC292C3003CB64E /* MavlinkController.swift in Sources */ = {isa = PBXBuildFile; fileRef = 279D1D671BC292C3003CB64E /* MavlinkController.swift */; };
		27AD8A2C1BBD515F00BC7555 /* ORSSerial.framework in Frameworks */ = {isa = PBXBuildFile; fileRef = 27AD8A2B1BBD515F00BC7555 /* ORSSerial.framework */; };
		27AD8A2D1BBD515F00BC7555 /* ORSSerial.framework in Embed Frameworks */ = {isa = PBXBuildFile; fileRef = 27AD8A2B1BBD515F00BC7555 /* ORSSerial.framework */; settings = {ATTRIBUTES = (CodeSignOnCopy, RemoveHeadersOnCopy, ); }; };
		27AD8A341BBD551300BC7555 /* ORSSerial.framework.dSYM in CopyFiles */ = {isa = PBXBuildFile; fileRef = 27AD8A331BBD551300BC7555 /* ORSSerial.framework.dSYM */; };
/* End PBXBuildFile section */

/* Begin PBXCopyFilesBuildPhase section */
		27AD8A2E1BBD515F00BC7555 /* Embed Frameworks */ = {
			isa = PBXCopyFilesBuildPhase;
			buildActionMask = 2147483647;
			dstPath = "";
			dstSubfolderSpec = 10;
			files = (
				27AD8A2D1BBD515F00BC7555 /* ORSSerial.framework in Embed Frameworks */,
			);
			name = "Embed Frameworks";
			runOnlyForDeploymentPostprocessing = 0;
		};
		27AD8A2F1BBD527A00BC7555 /* CopyFiles */ = {
			isa = PBXCopyFilesBuildPhase;
			buildActionMask = 2147483647;
			dstPath = "";
			dstSubfolderSpec = 16;
			files = (
				27AD8A341BBD551300BC7555 /* ORSSerial.framework.dSYM in CopyFiles */,
			);
			runOnlyForDeploymentPostprocessing = 0;
		};
/* End PBXCopyFilesBuildPhase section */

/* Begin PBXFileReference section */
		2743453A1BEF27BB0056EE2E /* README.md */ = {isa = PBXFileReference; fileEncoding = 4; lastKnownFileType = net.daringfireball.markdown; path = README.md; sourceTree = SOURCE_ROOT; };
		27785EF91BBC14A700E1D097 /* AppDelegate.swift */ = {isa = PBXFileReference; fileEncoding = 4; lastKnownFileType = sourcecode.swift; name = AppDelegate.swift; path = Sources/AppDelegate.swift; sourceTree = SOURCE_ROOT; };
		27785EFB1BBC14B900E1D097 /* Assets.xcassets */ = {isa = PBXFileReference; lastKnownFileType = folder.assetcatalog; name = Assets.xcassets; path = Resources/Assets.xcassets; sourceTree = SOURCE_ROOT; };
		27785EFC1BBC14B900E1D097 /* Info.plist */ = {isa = PBXFileReference; fileEncoding = 4; lastKnownFileType = text.plist.xml; name = Info.plist; path = Resources/Info.plist; sourceTree = SOURCE_ROOT; };
		27785F021BBC14D400E1D097 /* Base */ = {isa = PBXFileReference; lastKnownFileType = file.xib; name = Base; path = Resources/Base.lproj/MainMenu.xib; sourceTree = SOURCE_ROOT; };
		27785F101BBC1ADE00E1D097 /* Mac-Application.xcconfig */ = {isa = PBXFileReference; fileEncoding = 4; lastKnownFileType = text.xcconfig; name = "Mac-Application.xcconfig"; path = "Config/Mac OS X/Mac-Application.xcconfig"; sourceTree = "<group>"; };
		27785F121BBC1AF700E1D097 /* Debug.xcconfig */ = {isa = PBXFileReference; fileEncoding = 4; lastKnownFileType = text.xcconfig; name = Debug.xcconfig; path = Config/Base/Configurations/Debug.xcconfig; sourceTree = "<group>"; };
		27785F141BBC1AF700E1D097 /* Release.xcconfig */ = {isa = PBXFileReference; fileEncoding = 4; lastKnownFileType = text.xcconfig; name = Release.xcconfig; path = Config/Base/Configurations/Release.xcconfig; sourceTree = "<group>"; };
		279D1D671BC292C3003CB64E /* MavlinkController.swift */ = {isa = PBXFileReference; fileEncoding = 4; lastKnownFileType = sourcecode.swift; name = MavlinkController.swift; path = Sources/MavlinkController.swift; sourceTree = SOURCE_ROOT; };
		27AD8A2B1BBD515F00BC7555 /* ORSSerial.framework */ = {isa = PBXFileReference; lastKnownFileType = wrapper.framework; name = ORSSerial.framework; path = Carthage/Build/Mac/ORSSerial.framework; sourceTree = "<group>"; };
		27AD8A331BBD551300BC7555 /* ORSSerial.framework.dSYM */ = {isa = PBXFileReference; lastKnownFileType = wrapper.dsym; name = ORSSerial.framework.dSYM; path = Carthage/Build/Mac/ORSSerial.framework.dSYM; sourceTree = "<group>"; };
		27B6CBE31BBC12BA004184A5 /* MavlinkSwiftConnectDemo.app */ = {isa = PBXFileReference; explicitFileType = wrapper.application; includeInIndex = 0; path = MavlinkSwiftConnectDemo.app; sourceTree = BUILT_PRODUCTS_DIR; };
/* End PBXFileReference section */

/* Begin PBXFrameworksBuildPhase section */
		27B6CBE01BBC12BA004184A5 /* Frameworks */ = {
			isa = PBXFrameworksBuildPhase;
			buildActionMask = 2147483647;
			files = (
				27AD8A2C1BBD515F00BC7555 /* ORSSerial.framework in Frameworks */,
			);
			runOnlyForDeploymentPostprocessing = 0;
		};
/* End PBXFrameworksBuildPhase section */

/* Begin PBXGroup section */
		27785F0F1BBC1AC600E1D097 /* Config */ = {
			isa = PBXGroup;
			children = (
				27785F121BBC1AF700E1D097 /* Debug.xcconfig */,
				27785F141BBC1AF700E1D097 /* Release.xcconfig */,
				27785F101BBC1ADE00E1D097 /* Mac-Application.xcconfig */,
			);
			name = Config;
			sourceTree = "<group>";
		};
		27AD8A321BBD542B00BC7555 /* Frameworks */ = {
			isa = PBXGroup;
			children = (
				27AD8A2B1BBD515F00BC7555 /* ORSSerial.framework */,
				27AD8A331BBD551300BC7555 /* ORSSerial.framework.dSYM */,
			);
			name = Frameworks;
			sourceTree = "<group>";
		};
		27B6CBDA1BBC12BA004184A5 = {
			isa = PBXGroup;
			children = (
				27B6CBE51BBC12BA004184A5 /* Sources */,
				27EE57481BBC142C0057960D /* Resources */,
				27785F0F1BBC1AC600E1D097 /* Config */,
				27AD8A321BBD542B00BC7555 /* Frameworks */,
				27B6CBE41BBC12BA004184A5 /* Products */,
			);
			sourceTree = "<group>";
		};
		27B6CBE41BBC12BA004184A5 /* Products */ = {
			isa = PBXGroup;
			children = (
				27B6CBE31BBC12BA004184A5 /* MavlinkSwiftConnectDemo.app */,
			);
			name = Products;
			sourceTree = "<group>";
		};
		27B6CBE51BBC12BA004184A5 /* Sources */ = {
			isa = PBXGroup;
			children = (
				2743453A1BEF27BB0056EE2E /* README.md */,
				27785EF91BBC14A700E1D097 /* AppDelegate.swift */,
				279D1D671BC292C3003CB64E /* MavlinkController.swift */,
			);
			name = Sources;
			path = MavlinkSwiftConnectDemo;
			sourceTree = "<group>";
		};
		27EE57481BBC142C0057960D /* Resources */ = {
			isa = PBXGroup;
			children = (
				27785F011BBC14D400E1D097 /* MainMenu.xib */,
				27785EFB1BBC14B900E1D097 /* Assets.xcassets */,
				27785EFC1BBC14B900E1D097 /* Info.plist */,
			);
			name = Resources;
			path = MavlinkSwiftConnectDemo;
			sourceTree = "<group>";
		};
/* End PBXGroup section */

/* Begin PBXNativeTarget section */
		27B6CBE21BBC12BA004184A5 /* MavlinkSwiftConnectDemo */ = {
			isa = PBXNativeTarget;
			buildConfigurationList = 27B6CBF01BBC12BA004184A5 /* Build configuration list for PBXNativeTarget "MavlinkSwiftConnectDemo" */;
			buildPhases = (
				27B6CBDF1BBC12BA004184A5 /* Sources */,
				27B6CBE01BBC12BA004184A5 /* Frameworks */,
				27B6CBE11BBC12BA004184A5 /* Resources */,
				27AD8A2E1BBD515F00BC7555 /* Embed Frameworks */,
				27AD8A2F1BBD527A00BC7555 /* CopyFiles */,
			);
			buildRules = (
			);
			dependencies = (
			);
			name = MavlinkSwiftConnectDemo;
			productName = MavlinkSwiftConnectDemo;
			productReference = 27B6CBE31BBC12BA004184A5 /* MavlinkSwiftConnectDemo.app */;
			productType = "com.apple.product-type.application";
		};
/* End PBXNativeTarget section */

/* Begin PBXProject section */
		27B6CBDB1BBC12BA004184A5 /* Project object */ = {
			isa = PBXProject;
			attributes = {
				LastSwiftUpdateCheck = 0700;
				LastUpgradeCheck = 0700;
				ORGANIZATIONNAME = "Michael Koukoullis";
				TargetAttributes = {
					27B6CBE21BBC12BA004184A5 = {
						CreatedOnToolsVersion = 7.0.1;
					};
				};
			};
			buildConfigurationList = 27B6CBDE1BBC12BA004184A5 /* Build configuration list for PBXProject "MavlinkSwiftConnectDemo" */;
			compatibilityVersion = "Xcode 3.2";
			developmentRegion = English;
			hasScannedForEncodings = 0;
			knownRegions = (
				en,
				Base,
			);
			mainGroup = 27B6CBDA1BBC12BA004184A5;
			productRefGroup = 27B6CBE41BBC12BA004184A5 /* Products */;
			projectDirPath = "";
			projectRoot = "";
			targets = (
				27B6CBE21BBC12BA004184A5 /* MavlinkSwiftConnectDemo */,
			);
		};
/* End PBXProject section */

/* Begin PBXResourcesBuildPhase section */
		27B6CBE11BBC12BA004184A5 /* Resources */ = {
			isa = PBXResourcesBuildPhase;
			buildActionMask = 2147483647;
			files = (
				27785EFD1BBC14B900E1D097 /* Assets.xcassets in Resources */,
				27785F031BBC14D400E1D097 /* MainMenu.xib in Resources */,
			);
			runOnlyForDeploymentPostprocessing = 0;
		};
/* End PBXResourcesBuildPhase section */

/* Begin PBXSourcesBuildPhase section */
		27B6CBDF1BBC12BA004184A5 /* Sources */ = {
			isa = PBXSourcesBuildPhase;
			buildActionMask = 2147483647;
			files = (
				2743453B1BEF27BB0056EE2E /* README.md in Sources */,
				279D1D681BC292C3003CB64E /* MavlinkController.swift in Sources */,
				27785EFA1BBC14A700E1D097 /* AppDelegate.swift in Sources */,
			);
			runOnlyForDeploymentPostprocessing = 0;
		};
/* End PBXSourcesBuildPhase section */

/* Begin PBXVariantGroup section */
		27785F011BBC14D400E1D097 /* MainMenu.xib */ = {
			isa = PBXVariantGroup;
			children = (
				27785F021BBC14D400E1D097 /* Base */,
			);
			name = MainMenu.xib;
			sourceTree = "<group>";
		};
/* End PBXVariantGroup section */

/* Begin XCBuildConfiguration section */
		27B6CBEE1BBC12BA004184A5 /* Debug */ = {
			isa = XCBuildConfiguration;
			baseConfigurationReference = 27785F101BBC1ADE00E1D097 /* Mac-Application.xcconfig */;
			buildSettings = {
				ALWAYS_SEARCH_USER_PATHS = NO;
				CLANG_CXX_LANGUAGE_STANDARD = "gnu++0x";
				CLANG_CXX_LIBRARY = "libc++";
				CLANG_ENABLE_MODULES = YES;
				CLANG_ENABLE_OBJC_ARC = YES;
				CLANG_WARN_BOOL_CONVERSION = YES;
				CLANG_WARN_CONSTANT_CONVERSION = YES;
				CLANG_WARN_DIRECT_OBJC_ISA_USAGE = YES_ERROR;
				CLANG_WARN_EMPTY_BODY = YES;
				CLANG_WARN_ENUM_CONVERSION = YES;
				CLANG_WARN_INT_CONVERSION = YES;
				CLANG_WARN_OBJC_ROOT_CLASS = YES_ERROR;
				CLANG_WARN_UNREACHABLE_CODE = YES;
				CLANG_WARN__DUPLICATE_METHOD_MATCH = YES;
				CODE_SIGN_IDENTITY = "-";
				COPY_PHASE_STRIP = NO;
				DEBUG_INFORMATION_FORMAT = dwarf;
				ENABLE_STRICT_OBJC_MSGSEND = YES;
				ENABLE_TESTABILITY = YES;
				GCC_C_LANGUAGE_STANDARD = gnu99;
				GCC_DYNAMIC_NO_PIC = NO;
				GCC_NO_COMMON_BLOCKS = YES;
				GCC_OPTIMIZATION_LEVEL = 0;
				GCC_PREPROCESSOR_DEFINITIONS = (
					"DEBUG=1",
					"$(inherited)",
				);
				GCC_WARN_64_TO_32_BIT_CONVERSION = YES;
				GCC_WARN_ABOUT_RETURN_TYPE = YES_ERROR;
				GCC_WARN_UNDECLARED_SELECTOR = YES;
				GCC_WARN_UNINITIALIZED_AUTOS = YES_AGGRESSIVE;
				GCC_WARN_UNUSED_FUNCTION = YES;
				GCC_WARN_UNUSED_VARIABLE = YES;
				MACOSX_DEPLOYMENT_TARGET = 10.10;
				MTL_ENABLE_DEBUG_INFO = YES;
				ONLY_ACTIVE_ARCH = YES;
				SDKROOT = macosx;
				SWIFT_INCLUDE_PATHS = "$(SRCROOT)/Modules";
				SWIFT_OPTIMIZATION_LEVEL = "-Onone";
			};
			name = Debug;
		};
		27B6CBEF1BBC12BA004184A5 /* Release */ = {
			isa = XCBuildConfiguration;
			baseConfigurationReference = 27785F101BBC1ADE00E1D097 /* Mac-Application.xcconfig */;
			buildSettings = {
				ALWAYS_SEARCH_USER_PATHS = NO;
				CLANG_CXX_LANGUAGE_STANDARD = "gnu++0x";
				CLANG_CXX_LIBRARY = "libc++";
				CLANG_ENABLE_MODULES = YES;
				CLANG_ENABLE_OBJC_ARC = YES;
				CLANG_WARN_BOOL_CONVERSION = YES;
				CLANG_WARN_CONSTANT_CONVERSION = YES;
				CLANG_WARN_DIRECT_OBJC_ISA_USAGE = YES_ERROR;
				CLANG_WARN_EMPTY_BODY = YES;
				CLANG_WARN_ENUM_CONVERSION = YES;
				CLANG_WARN_INT_CONVERSION = YES;
				CLANG_WARN_OBJC_ROOT_CLASS = YES_ERROR;
				CLANG_WARN_UNREACHABLE_CODE = YES;
				CLANG_WARN__DUPLICATE_METHOD_MATCH = YES;
				CODE_SIGN_IDENTITY = "-";
				COPY_PHASE_STRIP = NO;
				DEBUG_INFORMATION_FORMAT = "dwarf-with-dsym";
				ENABLE_NS_ASSERTIONS = NO;
				ENABLE_STRICT_OBJC_MSGSEND = YES;
				GCC_C_LANGUAGE_STANDARD = gnu99;
				GCC_NO_COMMON_BLOCKS = YES;
				GCC_WARN_64_TO_32_BIT_CONVERSION = YES;
				GCC_WARN_ABOUT_RETURN_TYPE = YES_ERROR;
				GCC_WARN_UNDECLARED_SELECTOR = YES;
				GCC_WARN_UNINITIALIZED_AUTOS = YES_AGGRESSIVE;
				GCC_WARN_UNUSED_FUNCTION = YES;
				GCC_WARN_UNUSED_VARIABLE = YES;
				MACOSX_DEPLOYMENT_TARGET = 10.10;
				MTL_ENABLE_DEBUG_INFO = NO;
				SDKROOT = macosx;
				SWIFT_INCLUDE_PATHS = "$(SRCROOT)/Modules";
			};
			name = Release;
		};
		27B6CBF11BBC12BA004184A5 /* Debug */ = {
			isa = XCBuildConfiguration;
			baseConfigurationReference = 27785F121BBC1AF700E1D097 /* Debug.xcconfig */;
			buildSettings = {
				ASSETCATALOG_COMPILER_APPICON_NAME = AppIcon;
				CLANG_ENABLE_MODULES = YES;
				COMBINE_HIDPI_IMAGES = YES;
				FRAMEWORK_SEARCH_PATHS = (
					"$(inherited)",
					"$(PROJECT_DIR)/Carthage/Build/Mac",
				);
				INFOPLIST_FILE = "$(SRCROOT)/Resources/Info.plist";
				LD_RUNPATH_SEARCH_PATHS = "$(inherited) @executable_path/../Frameworks";
				PRODUCT_BUNDLE_IDENTIFIER = org.kouky.MavlinkSwiftConnectDemo;
				PRODUCT_NAME = "$(TARGET_NAME)";
				SWIFT_OPTIMIZATION_LEVEL = "-Onone";
			};
			name = Debug;
		};
		27B6CBF21BBC12BA004184A5 /* Release */ = {
			isa = XCBuildConfiguration;
			baseConfigurationReference = 27785F141BBC1AF700E1D097 /* Release.xcconfig */;
			buildSettings = {
				ASSETCATALOG_COMPILER_APPICON_NAME = AppIcon;
				CLANG_ENABLE_MODULES = YES;
				COMBINE_HIDPI_IMAGES = YES;
				FRAMEWORK_SEARCH_PATHS = (
					"$(inherited)",
					"$(PROJECT_DIR)/Carthage/Build/Mac",
				);
				INFOPLIST_FILE = "$(SRCROOT)/Resources/Info.plist";
				LD_RUNPATH_SEARCH_PATHS = "$(inherited) @executable_path/../Frameworks";
				PRODUCT_BUNDLE_IDENTIFIER = org.kouky.MavlinkSwiftConnectDemo;
				PRODUCT_NAME = "$(TARGET_NAME)";
			};
			name = Release;
		};
/* End XCBuildConfiguration section */

/* Begin XCConfigurationList section */
		27B6CBDE1BBC12BA004184A5 /* Build configuration list for PBXProject "MavlinkSwiftConnectDemo" */ = {
			isa = XCConfigurationList;
			buildConfigurations = (
				27B6CBEE1BBC12BA004184A5 /* Debug */,
				27B6CBEF1BBC12BA004184A5 /* Release */,
			);
			defaultConfigurationIsVisible = 0;
			defaultConfigurationName = Release;
		};
		27B6CBF01BBC12BA004184A5 /* Build configuration list for PBXNativeTarget "MavlinkSwiftConnectDemo" */ = {
			isa = XCConfigurationList;
			buildConfigurations = (
				27B6CBF11BBC12BA004184A5 /* Debug */,
				27B6CBF21BBC12BA004184A5 /* Release */,
			);
			defaultConfigurationIsVisible = 0;
			defaultConfigurationName = Release;
		};
/* End XCConfigurationList section */
	};
	rootObject = 27B6CBDB1BBC12BA004184A5 /* Project object */;
}
